<?xml version="1.0" encoding="utf-8"?>
<Project ToolsVersion="4.0" xmlns="http://schemas.microsoft.com/developer/msbuild/2003">
  <ItemGroup>
    <ClCompile Include="src\testApp.cpp">
      <Filter>src</Filter>
    </ClCompile>
    <ClCompile Include="src\main.cpp">
      <Filter>src</Filter>
    </ClCompile>
    <ClCompile Include="..\..\..\addons\ofxNetwork\src\ofxTCPClient.cpp">
      <Filter>addons\ofxNetwork\src</Filter>
    </ClCompile>
    <ClCompile Include="..\..\..\addons\ofxNetwork\src\ofxTCPManager.cpp">
      <Filter>addons\ofxNetwork\src</Filter>
    </ClCompile>
    <ClCompile Include="..\..\..\addons\ofxNetwork\src\ofxTCPServer.cpp">
      <Filter>addons\ofxNetwork\src</Filter>
    </ClCompile>
    <ClCompile Include="..\..\..\addons\ofxNetwork\src\ofxUDPManager.cpp">
      <Filter>addons\ofxNetwork\src</Filter>
    </ClCompile>
    <ClCompile Include="src\TGConnect.cpp">
      <Filter>src</Filter>
    </ClCompile>
    <ClCompile Include="src\TGEventData.cpp">
      <Filter>src</Filter>
    </ClCompile>
    <ClCompile Include="addons\ofxMSACore\src\MSACoreGL.cpp">
      <Filter>addons\ofxMSACore\src</Filter>
    </ClCompile>
    <ClCompile Include="addons\ofxMSAFluid\src\MSAFluidDrawerBase.cpp">
      <Filter>addons\ofxMSAFluid\src</Filter>
    </ClCompile>
    <ClCompile Include="addons\ofxMSAFluid\src\MSAFluidSolver.cpp">
      <Filter>addons\ofxMSAFluid\src</Filter>
    </ClCompile>
  </ItemGroup>
  <ItemGroup>
    <Filter Include="src">
      <UniqueIdentifier>{d8376475-7454-4a24-b08a-aac121d3ad6f}</UniqueIdentifier>
    </Filter>
    <Filter Include="addons">
      <UniqueIdentifier>{71834f65-f3a9-211e-73b8-dc8563776aec}</UniqueIdentifier>
    </Filter>
    <Filter Include="addons\ofxNetwork">
      <UniqueIdentifier>{01a15744-29a6-108d-08e9-83a73d797b5f}</UniqueIdentifier>
    </Filter>
    <Filter Include="addons\ofxNetwork\src">
      <UniqueIdentifier>{3d1c10c7-8f35-e796-9c70-f5f317cb6d6b}</UniqueIdentifier>
    </Filter>
    <Filter Include="addons\ofxMSACore">
      <UniqueIdentifier>{127f591b-5fa4-4730-8301-2d3fe0be2caa}</UniqueIdentifier>
    </Filter>
    <Filter Include="addons\ofxMSACore\src">
      <UniqueIdentifier>{98b5588a-58b4-44ce-a329-d372862b7ce2}</UniqueIdentifier>
    </Filter>
    <Filter Include="addons\ofxMSAFluid">
      <UniqueIdentifier>{551029fb-6d12-471b-86ed-e51447e98304}</UniqueIdentifier>
    </Filter>
    <Filter Include="addons\ofxMSAFluid\src">
      <UniqueIdentifier>{c8f3dca8-f314-4f75-9f77-b530a3dbd0c1}</UniqueIdentifier>
    </Filter>
  </ItemGroup>
  <ItemGroup>
    <ClInclude Include="src\testApp.h">
      <Filter>src</Filter>
    </ClInclude>
    <ClInclude Include="..\..\..\addons\ofxNetwork\src\ofxNetwork.h">
      <Filter>addons\ofxNetwork\src</Filter>
    </ClInclude>
    <ClInclude Include="..\..\..\addons\ofxNetwork\src\ofxNetworkUtils.h">
      <Filter>addons\ofxNetwork\src</Filter>
    </ClInclude>
    <ClInclude Include="..\..\..\addons\ofxNetwork\src\ofxTCPClient.h">
      <Filter>addons\ofxNetwork\src</Filter>
    </ClInclude>
    <ClInclude Include="..\..\..\addons\ofxNetwork\src\ofxTCPManager.h">
      <Filter>addons\ofxNetwork\src</Filter>
    </ClInclude>
    <ClInclude Include="..\..\..\addons\ofxNetwork\src\ofxTCPServer.h">
      <Filter>addons\ofxNetwork\src</Filter>
    </ClInclude>
    <ClInclude Include="..\..\..\addons\ofxNetwork\src\ofxUDPManager.h">
      <Filter>addons\ofxNetwork\src</Filter>
    </ClInclude>
    <ClInclude Include="src\TGEventData.h">
      <Filter>src</Filter>
    </ClInclude>
    <ClInclude Include="src\TGConnect.h">
      <Filter>src</Filter>
    </ClInclude>
    <ClInclude Include="addons\ofxMSACore\src\MSACore-Cinder.h">
      <Filter>addons\ofxMSACore\src</Filter>
    </ClInclude>
    <ClInclude Include="addons\ofxMSACore\src\MSACore-OF.h">
      <Filter>addons\ofxMSACore\src</Filter>
    </ClInclude>
    <ClInclude Include="addons\ofxMSACore\src\MSACore.h">
      <Filter>addons\ofxMSACore\src</Filter>
    </ClInclude>
    <ClInclude Include="addons\ofxMSACore\src\MSACoreCommon.h">
      <Filter>addons\ofxMSACore\src</Filter>
    </ClInclude>
    <ClInclude Include="addons\ofxMSACore\src\MSACoreGL.h">
      <Filter>addons\ofxMSACore\src</Filter>
    </ClInclude>
    <ClInclude Include="addons\ofxMSACore\src\MSACoreMath.h">
      <Filter>addons\ofxMSACore\src</Filter>
    </ClInclude>
    <ClInclude Include="addons\ofxMSAFluid\src\MSAFluid.h">
      <Filter>addons\ofxMSAFluid\src</Filter>
    </ClInclude>
    <ClInclude Include="addons\ofxMSAFluid\src\MSAFluidSolver.h">
      <Filter>addons\ofxMSAFluid\src</Filter>
    </ClInclude>
    <ClInclude Include="addons\ofxMSAFluid\src\MSAFluidDrawerBase.h">
      <Filter>addons\ofxMSAFluid\src</Filter>
    </ClInclude>
    <ClInclude Include="addons\ofxMSAFluid\src\MSAFluidDrawerGl-Cinder.h">
      <Filter>addons\ofxMSAFluid\src</Filter>
    </ClInclude>
    <ClInclude Include="addons\ofxMSAFluid\src\MSAFluidDrawerGl-OF.h">
      <Filter>addons\ofxMSAFluid\src</Filter>
    </ClInclude>
    <ClInclude Include="addons\ofxMSAFluid\src\MSAFluidParticleUpdater.h">
      <Filter>addons\ofxMSAFluid\src</Filter>
    </ClInclude>
  </ItemGroup>
</Project>